
Microsoft Visual Studio Solution File, Format Version 12.00
# Visual Studio Version 17
VisualStudioVersion = 17.8.34511.84
MinimumVisualStudioVersion = 10.0.40219.1
Project("{FAE04EC0-301F-11D3-BF4B-00C04F79EFBC}") = "Versioning", "Versioning.csproj", "{44DE6E18-9DB3-48C7-AB59-081995BB95EE}"
EndProject
Global
	GlobalSection(SolutionConfigurationPlatforms) = preSolution
		Debug|Any CPU = Debug|Any CPU
		Release|Any CPU = Release|Any CPU
	EndGlobalSection
	GlobalSection(ProjectConfigurationPlatforms) = postSolution
		{44DE6E18-9DB3-48C7-AB59-081995BB95EE}.Debug|Any CPU.ActiveCfg = Debug|Any CPU
		{44DE6E18-9DB3-48C7-AB59-081995BB95EE}.Debug|Any CPU.Build.0 = Debug|Any CPU
		{44DE6E18-9DB3-48C7-AB59-081995BB95EE}.Release|Any CPU.ActiveCfg = Release|Any CPU
		{44DE6E18-9DB3-48C7-AB59-081995BB95EE}.Release|Any CPU.Build.0 = Release|Any CPU
	EndGlobalSection
	GlobalSection(SolutionProperties) = preSolution
		HideSolutionNode = FALSE
	EndGlobalSection
	GlobalSection(ExtensibilityGlobals) = postSolution
		SolutionGuid = {33A6858C-4013-49CE-9D22-4976E4AEBD82}
	EndGlobalSection
EndGlobal
